
Microsoft Visual Studio Solution File, Format Version 12.00
Project("{FAE04EC0-301F-11D3-BF4B-00C04F79EFBC}") = "RBTree", "RBTree\RBTree.csproj", "{F1337904-D098-4261-9DF9-D706DC8E6BD8}"
EndProject
Project("{FAE04EC0-301F-11D3-BF4B-00C04F79EFBC}") = "ConsoleInterface", "ConsoleInterface\ConsoleInterface.csproj", "{22FD4A40-0626-4768-A896-E6E5D5DC888B}"
EndProject
Project("{FAE04EC0-301F-11D3-BF4B-00C04F79EFBC}") = "DesktopInterface", "DesktopInterface\DesktopInterface.csproj", "{A0D389B8-9100-4715-917F-7E5E1C550CA6}"
EndProject
Global
	GlobalSection(SolutionConfigurationPlatforms) = preSolution
		Debug|Any CPU = Debug|Any CPU
		Release|Any CPU = Release|Any CPU
	EndGlobalSection
	GlobalSection(ProjectConfigurationPlatforms) = postSolution
		{F1337904-D098-4261-9DF9-D706DC8E6BD8}.Debug|Any CPU.ActiveCfg = Debug|Any CPU
		{F1337904-D098-4261-9DF9-D706DC8E6BD8}.Debug|Any CPU.Build.0 = Debug|Any CPU
		{F1337904-D098-4261-9DF9-D706DC8E6BD8}.Release|Any CPU.ActiveCfg = Release|Any CPU
		{F1337904-D098-4261-9DF9-D706DC8E6BD8}.Release|Any CPU.Build.0 = Release|Any CPU
		{22FD4A40-0626-4768-A896-E6E5D5DC888B}.Debug|Any CPU.ActiveCfg = Debug|Any CPU
		{22FD4A40-0626-4768-A896-E6E5D5DC888B}.Debug|Any CPU.Build.0 = Debug|Any CPU
		{22FD4A40-0626-4768-A896-E6E5D5DC888B}.Release|Any CPU.ActiveCfg = Release|Any CPU
		{22FD4A40-0626-4768-A896-E6E5D5DC888B}.Release|Any CPU.Build.0 = Release|Any CPU
		{A0D389B8-9100-4715-917F-7E5E1C550CA6}.Debug|Any CPU.ActiveCfg = Debug|Any CPU
		{A0D389B8-9100-4715-917F-7E5E1C550CA6}.Debug|Any CPU.Build.0 = Debug|Any CPU
		{A0D389B8-9100-4715-917F-7E5E1C550CA6}.Release|Any CPU.ActiveCfg = Release|Any CPU
		{A0D389B8-9100-4715-917F-7E5E1C550CA6}.Release|Any CPU.Build.0 = Release|Any CPU
	EndGlobalSection
EndGlobal
