
Microsoft Visual Studio Solution File, Format Version 12.00
# Visual Studio Version 17
VisualStudioVersion = 17.1.32328.378
MinimumVisualStudioVersion = 10.0.40219.1
Project("{FAE04EC0-301F-11D3-BF4B-00C04F79EFBC}") = "PB Lab2.2 cs", "PB Lab2.2 cs.csproj", "{83EED035-3C8F-4E3B-A90C-325871D3219B}"
EndProject
Global
	GlobalSection(SolutionConfigurationPlatforms) = preSolution
		Debug|Any CPU = Debug|Any CPU
		Release|Any CPU = Release|Any CPU
	EndGlobalSection
	GlobalSection(ProjectConfigurationPlatforms) = postSolution
		{83EED035-3C8F-4E3B-A90C-325871D3219B}.Debug|Any CPU.ActiveCfg = Debug|Any CPU
		{83EED035-3C8F-4E3B-A90C-325871D3219B}.Debug|Any CPU.Build.0 = Debug|Any CPU
		{83EED035-3C8F-4E3B-A90C-325871D3219B}.Release|Any CPU.ActiveCfg = Release|Any CPU
		{83EED035-3C8F-4E3B-A90C-325871D3219B}.Release|Any CPU.Build.0 = Release|Any CPU
	EndGlobalSection
	GlobalSection(SolutionProperties) = preSolution
		HideSolutionNode = FALSE
	EndGlobalSection
	GlobalSection(ExtensibilityGlobals) = postSolution
		SolutionGuid = {7A89799D-7B17-4F99-8DAC-95CD6C7F1FE3}
	EndGlobalSection
EndGlobal
