
Microsoft Visual Studio Solution File, Format Version 12.00
# Visual Studio Version 16
VisualStudioVersion = 16.0.31624.102
MinimumVisualStudioVersion = 10.0.40219.1
Project("{888888A0-9F3D-457C-B088-3A5042F75D52}") = "Lab5 Python", "Lab5 Python.pyproj", "{E16AF92F-87FF-4AFA-A60D-38C8CD7853DA}"
EndProject
Global
	GlobalSection(SolutionConfigurationPlatforms) = preSolution
		Debug|Any CPU = Debug|Any CPU
		Release|Any CPU = Release|Any CPU
	EndGlobalSection
	GlobalSection(ProjectConfigurationPlatforms) = postSolution
		{E16AF92F-87FF-4AFA-A60D-38C8CD7853DA}.Debug|Any CPU.ActiveCfg = Debug|Any CPU
		{E16AF92F-87FF-4AFA-A60D-38C8CD7853DA}.Release|Any CPU.ActiveCfg = Release|Any CPU
	EndGlobalSection
	GlobalSection(SolutionProperties) = preSolution
		HideSolutionNode = FALSE
	EndGlobalSection
	GlobalSection(ExtensibilityGlobals) = postSolution
		SolutionGuid = {73BD53C6-D88E-4183-9FF4-B11544A3E7A9}
	EndGlobalSection
EndGlobal
