
Microsoft Visual Studio Solution File, Format Version 12.00
# Visual Studio Version 17
VisualStudioVersion = 17.1.32319.34
MinimumVisualStudioVersion = 10.0.40219.1
Project("{FAE04EC0-301F-11D3-BF4B-00C04F79EFBC}") = "PB Lab2.1  Cs", "PB Lab2.1  Cs.csproj", "{146C21A8-3229-483A-9470-A77F82570CAA}"
EndProject
Global
	GlobalSection(SolutionConfigurationPlatforms) = preSolution
		Debug|Any CPU = Debug|Any CPU
		Release|Any CPU = Release|Any CPU
	EndGlobalSection
	GlobalSection(ProjectConfigurationPlatforms) = postSolution
		{146C21A8-3229-483A-9470-A77F82570CAA}.Debug|Any CPU.ActiveCfg = Debug|Any CPU
		{146C21A8-3229-483A-9470-A77F82570CAA}.Debug|Any CPU.Build.0 = Debug|Any CPU
		{146C21A8-3229-483A-9470-A77F82570CAA}.Release|Any CPU.ActiveCfg = Release|Any CPU
		{146C21A8-3229-483A-9470-A77F82570CAA}.Release|Any CPU.Build.0 = Release|Any CPU
	EndGlobalSection
	GlobalSection(SolutionProperties) = preSolution
		HideSolutionNode = FALSE
	EndGlobalSection
	GlobalSection(ExtensibilityGlobals) = postSolution
		SolutionGuid = {FCA430CA-F982-429C-817E-D778FC062816}
	EndGlobalSection
EndGlobal
