
Microsoft Visual Studio Solution File, Format Version 12.00
Project("{FAE04EC0-301F-11D3-BF4B-00C04F79EFBC}") = "NetLab3", "NetLab3\NetLab3.csproj", "{37B755CB-8949-46DD-92AB-95B9B4BAE0B9}"
EndProject
Global
	GlobalSection(SolutionConfigurationPlatforms) = preSolution
		Debug|Any CPU = Debug|Any CPU
		Release|Any CPU = Release|Any CPU
	EndGlobalSection
	GlobalSection(ProjectConfigurationPlatforms) = postSolution
		{37B755CB-8949-46DD-92AB-95B9B4BAE0B9}.Debug|Any CPU.ActiveCfg = Debug|Any CPU
		{37B755CB-8949-46DD-92AB-95B9B4BAE0B9}.Debug|Any CPU.Build.0 = Debug|Any CPU
		{37B755CB-8949-46DD-92AB-95B9B4BAE0B9}.Release|Any CPU.ActiveCfg = Release|Any CPU
		{37B755CB-8949-46DD-92AB-95B9B4BAE0B9}.Release|Any CPU.Build.0 = Release|Any CPU
	EndGlobalSection
EndGlobal
