
Microsoft Visual Studio Solution File, Format Version 12.00
# Visual Studio Version 16
VisualStudioVersion = 16.0.31624.102
MinimumVisualStudioVersion = 10.0.40219.1
Project("{888888A0-9F3D-457C-B088-3A5042F75D52}") = "Lab3 Python", "Lab3 Python.pyproj", "{F4E7438F-5998-4AFB-B028-1CAFD915D850}"
EndProject
Global
	GlobalSection(SolutionConfigurationPlatforms) = preSolution
		Debug|Any CPU = Debug|Any CPU
		Release|Any CPU = Release|Any CPU
	EndGlobalSection
	GlobalSection(ProjectConfigurationPlatforms) = postSolution
		{F4E7438F-5998-4AFB-B028-1CAFD915D850}.Debug|Any CPU.ActiveCfg = Debug|Any CPU
		{F4E7438F-5998-4AFB-B028-1CAFD915D850}.Release|Any CPU.ActiveCfg = Release|Any CPU
	EndGlobalSection
	GlobalSection(SolutionProperties) = preSolution
		HideSolutionNode = FALSE
	EndGlobalSection
	GlobalSection(ExtensibilityGlobals) = postSolution
		SolutionGuid = {F0340172-9649-45F8-90ED-AF189C5945AD}
	EndGlobalSection
EndGlobal
