
Microsoft Visual Studio Solution File, Format Version 12.00
# Visual Studio Version 16
VisualStudioVersion = 16.0.31624.102
MinimumVisualStudioVersion = 10.0.40219.1
Project("{8BC9CEB8-8B4A-11D0-8D11-00A0C91BC942}") = "Lab4 C++", "Lab4 C++.vcxproj", "{81B6BB42-F496-420F-B1CA-0FDB35751494}"
EndProject
Global
	GlobalSection(SolutionConfigurationPlatforms) = preSolution
		Debug|x64 = Debug|x64
		Debug|x86 = Debug|x86
		Release|x64 = Release|x64
		Release|x86 = Release|x86
	EndGlobalSection
	GlobalSection(ProjectConfigurationPlatforms) = postSolution
		{81B6BB42-F496-420F-B1CA-0FDB35751494}.Debug|x64.ActiveCfg = Debug|x64
		{81B6BB42-F496-420F-B1CA-0FDB35751494}.Debug|x64.Build.0 = Debug|x64
		{81B6BB42-F496-420F-B1CA-0FDB35751494}.Debug|x86.ActiveCfg = Debug|Win32
		{81B6BB42-F496-420F-B1CA-0FDB35751494}.Debug|x86.Build.0 = Debug|Win32
		{81B6BB42-F496-420F-B1CA-0FDB35751494}.Release|x64.ActiveCfg = Release|x64
		{81B6BB42-F496-420F-B1CA-0FDB35751494}.Release|x64.Build.0 = Release|x64
		{81B6BB42-F496-420F-B1CA-0FDB35751494}.Release|x86.ActiveCfg = Release|Win32
		{81B6BB42-F496-420F-B1CA-0FDB35751494}.Release|x86.Build.0 = Release|Win32
	EndGlobalSection
	GlobalSection(SolutionProperties) = preSolution
		HideSolutionNode = FALSE
	EndGlobalSection
	GlobalSection(ExtensibilityGlobals) = postSolution
		SolutionGuid = {0A61FE0B-04C7-4239-9002-BCC55F306AB4}
	EndGlobalSection
EndGlobal
