
Microsoft Visual Studio Solution File, Format Version 12.00
# Visual Studio Version 16
VisualStudioVersion = 16.0.31624.102
MinimumVisualStudioVersion = 10.0.40219.1
Project("{888888A0-9F3D-457C-B088-3A5042F75D52}") = "Lab1 Python", "Lab1 Python.pyproj", "{532F063E-5E29-4EBF-9992-5202B3B6BF5C}"
EndProject
Global
	GlobalSection(SolutionConfigurationPlatforms) = preSolution
		Debug|Any CPU = Debug|Any CPU
		Release|Any CPU = Release|Any CPU
	EndGlobalSection
	GlobalSection(ProjectConfigurationPlatforms) = postSolution
		{532F063E-5E29-4EBF-9992-5202B3B6BF5C}.Debug|Any CPU.ActiveCfg = Debug|Any CPU
		{532F063E-5E29-4EBF-9992-5202B3B6BF5C}.Release|Any CPU.ActiveCfg = Release|Any CPU
	EndGlobalSection
	GlobalSection(SolutionProperties) = preSolution
		HideSolutionNode = FALSE
	EndGlobalSection
	GlobalSection(ExtensibilityGlobals) = postSolution
		SolutionGuid = {1904D7CF-A27B-4380-977B-4C3A69849CDD}
	EndGlobalSection
EndGlobal
